
Microsoft Visual Studio Solution File, Format Version 12.00
# Visual Studio Version 16
VisualStudioVersion = 16.0.29409.12
MinimumVisualStudioVersion = 10.0.40219.1
Project("{FAE04EC0-301F-11D3-BF4B-00C04F79EFBC}") = "Ch09Ex01", "Ch09Ex01\Ch09Ex01.csproj", "{7E99FCFD-49F3-4700-B00D-59C9C80B09C1}"
EndProject
Global
	GlobalSection(SolutionConfigurationPlatforms) = preSolution
		Debug|Any CPU = Debug|Any CPU
		Release|Any CPU = Release|Any CPU
	EndGlobalSection
	GlobalSection(ProjectConfigurationPlatforms) = postSolution
		{7E99FCFD-49F3-4700-B00D-59C9C80B09C1}.Debug|Any CPU.ActiveCfg = Debug|Any CPU
		{7E99FCFD-49F3-4700-B00D-59C9C80B09C1}.Debug|Any CPU.Build.0 = Debug|Any CPU
		{7E99FCFD-49F3-4700-B00D-59C9C80B09C1}.Release|Any CPU.ActiveCfg = Release|Any CPU
		{7E99FCFD-49F3-4700-B00D-59C9C80B09C1}.Release|Any CPU.Build.0 = Release|Any CPU
	EndGlobalSection
	GlobalSection(SolutionProperties) = preSolution
		HideSolutionNode = FALSE
	EndGlobalSection
	GlobalSection(ExtensibilityGlobals) = postSolution
		SolutionGuid = {B3874C7A-9034-4255-AF49-83A66E807339}
	EndGlobalSection
EndGlobal
